<?xml version="1.0" encoding="UTF-8" standalone="yes" ?>
<CodeBlocks_project_file>
	<FileVersion major="1" minor="6" />
	<Project>
		<Option title="openface" />
		<Option pch_mode="0" />
		<Option compiler="gcc" />
		<Build>
			<Target title="debug">
				<Option output="../../../plugins/resources/openface_d.dll" prefix_auto="0" extension_auto="0" />
				<Option object_output=".wobjsd" />
				<Option deps_output=".depsd" />
				<Option type="3" />
				<Option compiler="gcc" />
				<Option createDefFile="1" />
				<Option createStaticLib="1" />
				<Compiler>
					<Add option="-g" />
				</Compiler>
				<Linker>
					<Add library="glew_staticdd" />
					<Add library="libgled" />
					<Add library="libopengl32" />
					<Add library="libglu32" />
					<Add library="libglaux" />
					<Add library="libmoldeod" />
				</Linker>
			</Target>
			<Target title="release">
				<Option output="../../../plugins/resources/openface.dll" prefix_auto="0" extension_auto="0" />
				<Option object_output=".wobjs" />
				<Option type="3" />
				<Option compiler="gcc" />
				<Option createDefFile="1" />
				<Option createStaticLib="1" />
				<Linker>
					<Add library="glew_staticd" />
					<Add library="libgle" />
					<Add library="libopengl32" />
					<Add library="libglu32" />
					<Add library="libglaux" />
					<Add library="libmoldeo" />
				</Linker>
			</Target>
		</Build>
		<VirtualTargets>
			<Add alias="All" targets="debug;release;" />
		</VirtualTargets>
		<Compiler>
			<Add option="-DGLEW_STATIC" />
			<Add directory="./" />
			<Add directory="../../../include" />
			<Add directory="$(externlibs)/glew/include" />
			<Add directory="$(externlibs)/opengl/include" />
			<Add directory="$(externlibs)/openal/include" />
			<Add directory="$(externlibs)/lua/include" />
			<Add directory="$(externlibs)/SDL/include" />
			<Add directory="$(externlibs)/gstreamer/include" />
			<Add directory="$(externlibs)/gstreamer/include/glib-2.0" />
			<Add directory="$(externlibs)/gstreamer/lib/glib-2.0/include" />
			<Add directory="./opencv/include/opencv" />
			<Add directory="./opencv/include/opencv2" />
			<Add directory="opencv/modules/core/include" />
			<Add directory="opencv/modules/imgproc/include" />
			<Add directory="./opencv/3rdparty" />
			<Add directory="./opencv/3rdparty/flann" />
			<Add directory="./opencv/3rdparty/flann/util" />
			<Add directory="./opencv/3rdparty/flann/nn" />
			<Add directory="./opencv/3rdparty/flann/algorithms" />
			<Add directory="./opencv/3rdparty/include" />
			<Add directory="./opencv/3rdparty/zlib" />
			<Add directory="./cvblob" />
			<Add directory="../../../inc/tuio" />
			<Add directory="opencv/modules/video/include" />
			<Add directory="opencv/modules/flann/include" />
			<Add directory="opencv/modules/features2d/include" />
			<Add directory="opencv/modules/calib3d/include" />
			<Add directory="opencv/modules/objdetect/include" />
			<Add directory="opencv/modules/legacy/include" />
			<Add directory="C:/opencv/build/x86/mingw" />
			<Add directory="C:/opencv/build/include" />
			<Add directory="C:/opencv/build/include/opencv" />
		</Compiler>
		<Linker>
			<Add library="libopencv_core2410.dll.a" />
			<Add library="libopencv_flann2410.dll.a" />
			<Add library="libopencv_objdetect2410.dll.a" />
			<Add library="libopencv_legacy2410.dll.a" />
			<Add library="libopencv_imgproc2410.dll.a" />
			<Add library="libopencv_features2d2410.dll.a" />
			<Add library="libopencv_haartraining_engine.a" />
			<Add library="libopencv_contrib2410.dll.a" />
			<Add library="libopencv_highgui2410.dll.a" />
			<Add directory="$(externlibs)/SDL/lib" />
			<Add directory="$(externlibs)/glew/lib" />
			<Add directory="$(externlibs)/lua/lib" />
			<Add directory="$(externlibs)/cg/lib" />
			<Add directory="$(externlibs)/openal/libs/win32" />
			<Add directory="$(externlibs)/opengl/lib" />
			<Add directory="../../../lib/win" />
			<Add directory="C:/opencv/build/x86/mingw/lib" />
		</Linker>
		<Unit filename="moOpenCV.cpp" />
		<Unit filename="moOpenCV.h" />
		<Extensions>
			<code_completion />
			<debugger />
			<envvars />
		</Extensions>
	</Project>
</CodeBlocks_project_file>
